<?xml version="1.0" encoding="utf-8"?>
<Project ToolsVersion="4.0" xmlns="http://schemas.microsoft.com/developer/msbuild/2003">
  <ItemGroup>
    <Filter Include="Source Files">
      <UniqueIdentifier>{4FC737F1-C7A5-4376-A066-2A32D752A2FF}</UniqueIdentifier>
      <Extensions>cpp;c;cc;cxx;c++;cppm;ixx;def;odl;idl;hpj;bat;asm;asmx</Extensions>
    </Filter>
    <Filter Include="Header Files">
      <UniqueIdentifier>{93995380-89BD-4b04-88EB-625FBE52EBFB}</UniqueIdentifier>
      <Extensions>h;hh;hpp;hxx;h++;hm;inl;inc;ipp;xsd</Extensions>
    </Filter>
    <Filter Include="Resource Files">
      <UniqueIdentifier>{67DA6AB6-F800-4c08-8B7A-83BB121AAD01}</UniqueIdentifier>
      <Extensions>rc;ico;cur;bmp;dlg;rc2;rct;bin;rgs;gif;jpg;jpeg;jpe;resx;tiff;tif;png;wav;mfcribbon-ms</Extensions>
    </Filter>
  </ItemGroup>
  <ItemGroup>
    <ClCompile Include="src\Animation.cpp">
      <Filter>Source Files</Filter>
    </ClCompile>
    <ClCompile Include="src\Board.cpp">
      <Filter>Source Files</Filter>
    </ClCompile>
    <ClCompile Include="src\Button.cpp">
      <Filter>Source Files</Filter>
    </ClCompile>
    <ClCompile Include="src\Card.cpp">
      <Filter>Source Files</Filter>
    </ClCompile>
    <ClCompile Include="src\CardDisplay.cpp">
      <Filter>Source Files</Filter>
    </ClCompile>
    <ClCompile Include="src\Corridor.cpp">
      <Filter>Source Files</Filter>
    </ClCompile>
    <ClCompile Include="src\Game.cpp">
      <Filter>Source Files</Filter>
    </ClCompile>
    <ClCompile Include="src\Hero.cpp">
      <Filter>Source Files</Filter>
    </ClCompile>
    <ClCompile Include="src\Main.cpp">
      <Filter>Source Files</Filter>
    </ClCompile>
    <ClCompile Include="src\Network.cpp">
      <Filter>Source Files</Filter>
    </ClCompile>
    <ClCompile Include="src\Random.cpp">
      <Filter>Source Files</Filter>
    </ClCompile>
    <ClCompile Include="src\Room.cpp">
      <Filter>Source Files</Filter>
    </ClCompile>
    <ClCompile Include="src\Setup.cpp">
      <Filter>Source Files</Filter>
    </ClCompile>
    <ClCompile Include="src\SplitRoom.cpp">
      <Filter>Source Files</Filter>
    </ClCompile>
    <ClCompile Include="src\System.cpp">
      <Filter>Source Files</Filter>
    </ClCompile>
    <ClCompile Include="src\Tile.cpp">
      <Filter>Source Files</Filter>
    </ClCompile>
    <ClCompile Include="src\Tower.cpp">
      <Filter>Source Files</Filter>
    </ClCompile>
    <ClCompile Include="src\UniqueSprite.cpp">
      <Filter>Source Files</Filter>
    </ClCompile>
    <ClCompile Include="src\Vault.cpp">
      <Filter>Source Files</Filter>
    </ClCompile>
  </ItemGroup>
  <ItemGroup>
    <ClInclude Include="src\Animation.h">
      <Filter>Source Files</Filter>
    </ClInclude>
    <ClInclude Include="src\Board.h">
      <Filter>Source Files</Filter>
    </ClInclude>
    <ClInclude Include="src\Button.h">
      <Filter>Source Files</Filter>
    </ClInclude>
    <ClInclude Include="src\Card.h">
      <Filter>Source Files</Filter>
    </ClInclude>
    <ClInclude Include="src\CardDisplay.h">
      <Filter>Source Files</Filter>
    </ClInclude>
    <ClInclude Include="src\Corridor.h">
      <Filter>Source Files</Filter>
    </ClInclude>
    <ClInclude Include="src\Deck.h">
      <Filter>Source Files</Filter>
    </ClInclude>
    <ClInclude Include="src\Game.h">
      <Filter>Source Files</Filter>
    </ClInclude>
    <ClInclude Include="src\Hero.h">
      <Filter>Source Files</Filter>
    </ClInclude>
    <ClInclude Include="src\Network.h">
      <Filter>Source Files</Filter>
    </ClInclude>
    <ClInclude Include="src\Random.h">
      <Filter>Source Files</Filter>
    </ClInclude>
    <ClInclude Include="src\Room.h">
      <Filter>Source Files</Filter>
    </ClInclude>
    <ClInclude Include="src\Setup.h">
      <Filter>Source Files</Filter>
    </ClInclude>
    <ClInclude Include="src\SplitRoom.h">
      <Filter>Source Files</Filter>
    </ClInclude>
    <ClInclude Include="src\State.h">
      <Filter>Source Files</Filter>
    </ClInclude>
    <ClInclude Include="src\System.h">
      <Filter>Source Files</Filter>
    </ClInclude>
    <ClInclude Include="src\Tile.h">
      <Filter>Source Files</Filter>
    </ClInclude>
    <ClInclude Include="src\Tower.h">
      <Filter>Source Files</Filter>
    </ClInclude>
    <ClInclude Include="src\UniqueSprite.h">
      <Filter>Source Files</Filter>
    </ClInclude>
    <ClInclude Include="src\Vault.h">
      <Filter>Source Files</Filter>
    </ClInclude>
  </ItemGroup>
  <ItemGroup>
    <None Include="vcpkg.json" />
  </ItemGroup>
</Project>